// !$*UTF8*$!
{
	archiveVersion = 1;
	classes = {
	};
	objectVersion = 56;
	objects = {

/* Begin PBXBuildFile section */
		9F6C18E02BE4FEC700DB2A44 /* SwiftUI_LandmarksApp.swift in Sources */ = {isa = PBXBuildFile; fileRef = 9F6C18DF2BE4FEC700DB2A44 /* SwiftUI_LandmarksApp.swift */; };
		9F6C18E22BE4FEC800DB2A44 /* ContentView.swift in Sources */ = {isa = PBXBuildFile; fileRef = 9F6C18E12BE4FEC800DB2A44 /* ContentView.swift */; };
		9F6C18E42BE4FECD00DB2A44 /* Assets.xcassets in Resources */ = {isa = PBXBuildFile; fileRef = 9F6C18E32BE4FECD00DB2A44 /* Assets.xcassets */; };
		9F6C18E72BE4FECD00DB2A44 /* Preview Assets.xcassets in Resources */ = {isa = PBXBuildFile; fileRef = 9F6C18E62BE4FECD00DB2A44 /* Preview Assets.xcassets */; };
		9F75012F2BE620E7005BFA4E /* CircleImage.swift in Sources */ = {isa = PBXBuildFile; fileRef = 9F75012E2BE620E7005BFA4E /* CircleImage.swift */; };
		9F7501312BE62266005BFA4E /* MapView.swift in Sources */ = {isa = PBXBuildFile; fileRef = 9F7501302BE62266005BFA4E /* MapView.swift */; };
		9F7501352BE62AEA005BFA4E /* Landmark.swift in Sources */ = {isa = PBXBuildFile; fileRef = 9F7501342BE62AEA005BFA4E /* Landmark.swift */; };
		9F7501372BE62D54005BFA4E /* ModelData.swift in Sources */ = {isa = PBXBuildFile; fileRef = 9F7501362BE62D54005BFA4E /* ModelData.swift */; };
		9F75013C2BE633B4005BFA4E /* LandmarkRow.swift in Sources */ = {isa = PBXBuildFile; fileRef = 9F75013B2BE633B4005BFA4E /* LandmarkRow.swift */; };
		9F75013E2BE6395B005BFA4E /* LandmarkList.swift in Sources */ = {isa = PBXBuildFile; fileRef = 9F75013D2BE6395B005BFA4E /* LandmarkList.swift */; };
		9F7501422BE641ED005BFA4E /* LandmarkDetail.swift in Sources */ = {isa = PBXBuildFile; fileRef = 9F7501412BE641ED005BFA4E /* LandmarkDetail.swift */; };
		9F97BA812BEA1A1B005E4080 /* CategoryRow.swift in Sources */ = {isa = PBXBuildFile; fileRef = 9F97BA802BEA1A1B005E4080 /* CategoryRow.swift */; };
		9F97BA832BEA1E8C005E4080 /* CategoryItem.swift in Sources */ = {isa = PBXBuildFile; fileRef = 9F97BA822BEA1E8C005E4080 /* CategoryItem.swift */; };
		9F97BA932BEA2357005E4080 /* HikeGraph.swift in Sources */ = {isa = PBXBuildFile; fileRef = 9F97BA8F2BEA2356005E4080 /* HikeGraph.swift */; };
		9F97BA942BEA2357005E4080 /* HikeDetail.swift in Sources */ = {isa = PBXBuildFile; fileRef = 9F97BA902BEA2356005E4080 /* HikeDetail.swift */; };
		9F97BA952BEA2357005E4080 /* GraphCapsule.swift in Sources */ = {isa = PBXBuildFile; fileRef = 9F97BA912BEA2357005E4080 /* GraphCapsule.swift */; };
		9F97BA962BEA2357005E4080 /* HikeView.swift in Sources */ = {isa = PBXBuildFile; fileRef = 9F97BA922BEA2357005E4080 /* HikeView.swift */; };
		9F97BA992BEA23F5005E4080 /* Hike.swift in Sources */ = {isa = PBXBuildFile; fileRef = 9F97BA982BEA23F5005E4080 /* Hike.swift */; };
		9FA560E62BECA84800ECDD15 /* PageViewController.swift in Sources */ = {isa = PBXBuildFile; fileRef = 9FA560E52BECA84800ECDD15 /* PageViewController.swift */; };
		9FA560E92BECB0EB00ECDD15 /* FeatureCard.swift in Sources */ = {isa = PBXBuildFile; fileRef = 9FA560E82BECB0EB00ECDD15 /* FeatureCard.swift */; };
		9FA560EB2BECB48200ECDD15 /* PageView.swift in Sources */ = {isa = PBXBuildFile; fileRef = 9FA560EA2BECB48200ECDD15 /* PageView.swift */; };
		9FA560ED2BECC7A300ECDD15 /* PageControl.swift in Sources */ = {isa = PBXBuildFile; fileRef = 9FA560EC2BECC7A300ECDD15 /* PageControl.swift */; };
		9FAB95882BEB6AB600091AD9 /* Profile.swift in Sources */ = {isa = PBXBuildFile; fileRef = 9FAB95872BEB6AB600091AD9 /* Profile.swift */; };
		9FAB958B2BEB6BD900091AD9 /* ProfileHost.swift in Sources */ = {isa = PBXBuildFile; fileRef = 9FAB958A2BEB6BD900091AD9 /* ProfileHost.swift */; };
		9FAB958D2BEB6EE100091AD9 /* ProfileSummary.swift in Sources */ = {isa = PBXBuildFile; fileRef = 9FAB958C2BEB6EE100091AD9 /* ProfileSummary.swift */; };
		9FAB958F2BEB716100091AD9 /* HikeBadge.swift in Sources */ = {isa = PBXBuildFile; fileRef = 9FAB958E2BEB716100091AD9 /* HikeBadge.swift */; };
		9FAB95912BEB7C0B00091AD9 /* ProfileEditor.swift in Sources */ = {isa = PBXBuildFile; fileRef = 9FAB95902BEB7C0B00091AD9 /* ProfileEditor.swift */; };
		9FB1C3572BE8FF5E00E71B3D /* HexagonParameters.swift in Sources */ = {isa = PBXBuildFile; fileRef = 9FB1C3562BE8FF5E00E71B3D /* HexagonParameters.swift */; };
		9FB1C3592BE9007100E71B3D /* BadgeBackground.swift in Sources */ = {isa = PBXBuildFile; fileRef = 9FB1C3582BE9007100E71B3D /* BadgeBackground.swift */; };
		9FB1C35B2BE906FE00E71B3D /* BadgeSymbol.swift in Sources */ = {isa = PBXBuildFile; fileRef = 9FB1C35A2BE906FE00E71B3D /* BadgeSymbol.swift */; };
		9FB1C35D2BE9083700E71B3D /* RotatedBadgeSymbol.swift in Sources */ = {isa = PBXBuildFile; fileRef = 9FB1C35C2BE9083700E71B3D /* RotatedBadgeSymbol.swift */; };
		9FB1C35F2BE90D1000E71B3D /* Badge.swift in Sources */ = {isa = PBXBuildFile; fileRef = 9FB1C35E2BE90D1000E71B3D /* Badge.swift */; };
		9FB1C3652BE9136800E71B3D /* landmarkData.json in Resources */ = {isa = PBXBuildFile; fileRef = 9FB1C3642BE9136800E71B3D /* landmarkData.json */; };
		9FB1C3672BE9137800E71B3D /* hikeData.json in Resources */ = {isa = PBXBuildFile; fileRef = 9FB1C3662BE9137800E71B3D /* hikeData.json */; };
		9FB1C3782BE9240D00E71B3D /* CategoryHome.swift in Sources */ = {isa = PBXBuildFile; fileRef = 9FB1C3772BE9240D00E71B3D /* CategoryHome.swift */; };
		9FC415AB2BE7A48200FD47B5 /* UserData.swift in Sources */ = {isa = PBXBuildFile; fileRef = 9FC415AA2BE7A48200FD47B5 /* UserData.swift */; };
		9FC415AD2BE7BFBE00FD47B5 /* FavoriteButton.swift in Sources */ = {isa = PBXBuildFile; fileRef = 9FC415AC2BE7BFBE00FD47B5 /* FavoriteButton.swift */; };
/* End PBXBuildFile section */

/* Begin PBXFileReference section */
		9F6C18DC2BE4FEC700DB2A44 /* SwiftUI_Landmarks.app */ = {isa = PBXFileReference; explicitFileType = wrapper.application; includeInIndex = 0; path = SwiftUI_Landmarks.app; sourceTree = BUILT_PRODUCTS_DIR; };
		9F6C18DF2BE4FEC700DB2A44 /* SwiftUI_LandmarksApp.swift */ = {isa = PBXFileReference; lastKnownFileType = sourcecode.swift; path = SwiftUI_LandmarksApp.swift; sourceTree = "<group>"; };
		9F6C18E12BE4FEC800DB2A44 /* ContentView.swift */ = {isa = PBXFileReference; lastKnownFileType = sourcecode.swift; path = ContentView.swift; sourceTree = "<group>"; };
		9F6C18E32BE4FECD00DB2A44 /* Assets.xcassets */ = {isa = PBXFileReference; lastKnownFileType = folder.assetcatalog; path = Assets.xcassets; sourceTree = "<group>"; };
		9F6C18E62BE4FECD00DB2A44 /* Preview Assets.xcassets */ = {isa = PBXFileReference; lastKnownFileType = folder.assetcatalog; path = "Preview Assets.xcassets"; sourceTree = "<group>"; };
		9F75012E2BE620E7005BFA4E /* CircleImage.swift */ = {isa = PBXFileReference; lastKnownFileType = sourcecode.swift; path = CircleImage.swift; sourceTree = "<group>"; };
		9F7501302BE62266005BFA4E /* MapView.swift */ = {isa = PBXFileReference; lastKnownFileType = sourcecode.swift; path = MapView.swift; sourceTree = "<group>"; };
		9F7501342BE62AEA005BFA4E /* Landmark.swift */ = {isa = PBXFileReference; lastKnownFileType = sourcecode.swift; path = Landmark.swift; sourceTree = "<group>"; };
		9F7501362BE62D54005BFA4E /* ModelData.swift */ = {isa = PBXFileReference; lastKnownFileType = sourcecode.swift; path = ModelData.swift; sourceTree = "<group>"; };
		9F75013B2BE633B4005BFA4E /* LandmarkRow.swift */ = {isa = PBXFileReference; lastKnownFileType = sourcecode.swift; path = LandmarkRow.swift; sourceTree = "<group>"; };
		9F75013D2BE6395B005BFA4E /* LandmarkList.swift */ = {isa = PBXFileReference; lastKnownFileType = sourcecode.swift; path = LandmarkList.swift; sourceTree = "<group>"; };
		9F7501412BE641ED005BFA4E /* LandmarkDetail.swift */ = {isa = PBXFileReference; lastKnownFileType = sourcecode.swift; path = LandmarkDetail.swift; sourceTree = "<group>"; };
		9F97BA802BEA1A1B005E4080 /* CategoryRow.swift */ = {isa = PBXFileReference; lastKnownFileType = sourcecode.swift; path = CategoryRow.swift; sourceTree = "<group>"; };
		9F97BA822BEA1E8C005E4080 /* CategoryItem.swift */ = {isa = PBXFileReference; lastKnownFileType = sourcecode.swift; path = CategoryItem.swift; sourceTree = "<group>"; };
		9F97BA8F2BEA2356005E4080 /* HikeGraph.swift */ = {isa = PBXFileReference; fileEncoding = 4; lastKnownFileType = sourcecode.swift; path = HikeGraph.swift; sourceTree = "<group>"; };
		9F97BA902BEA2356005E4080 /* HikeDetail.swift */ = {isa = PBXFileReference; fileEncoding = 4; lastKnownFileType = sourcecode.swift; path = HikeDetail.swift; sourceTree = "<group>"; };
		9F97BA912BEA2357005E4080 /* GraphCapsule.swift */ = {isa = PBXFileReference; fileEncoding = 4; lastKnownFileType = sourcecode.swift; path = GraphCapsule.swift; sourceTree = "<group>"; };
		9F97BA922BEA2357005E4080 /* HikeView.swift */ = {isa = PBXFileReference; fileEncoding = 4; lastKnownFileType = sourcecode.swift; path = HikeView.swift; sourceTree = "<group>"; };
		9F97BA982BEA23F5005E4080 /* Hike.swift */ = {isa = PBXFileReference; fileEncoding = 4; lastKnownFileType = sourcecode.swift; path = Hike.swift; sourceTree = "<group>"; };
		9FA560E52BECA84800ECDD15 /* PageViewController.swift */ = {isa = PBXFileReference; lastKnownFileType = sourcecode.swift; path = PageViewController.swift; sourceTree = "<group>"; };
		9FA560E82BECB0EB00ECDD15 /* FeatureCard.swift */ = {isa = PBXFileReference; lastKnownFileType = sourcecode.swift; path = FeatureCard.swift; sourceTree = "<group>"; };
		9FA560EA2BECB48200ECDD15 /* PageView.swift */ = {isa = PBXFileReference; lastKnownFileType = sourcecode.swift; path = PageView.swift; sourceTree = "<group>"; };
		9FA560EC2BECC7A300ECDD15 /* PageControl.swift */ = {isa = PBXFileReference; lastKnownFileType = sourcecode.swift; path = PageControl.swift; sourceTree = "<group>"; };
		9FAB95872BEB6AB600091AD9 /* Profile.swift */ = {isa = PBXFileReference; lastKnownFileType = sourcecode.swift; path = Profile.swift; sourceTree = "<group>"; };
		9FAB958A2BEB6BD900091AD9 /* ProfileHost.swift */ = {isa = PBXFileReference; lastKnownFileType = sourcecode.swift; path = ProfileHost.swift; sourceTree = "<group>"; };
		9FAB958C2BEB6EE100091AD9 /* ProfileSummary.swift */ = {isa = PBXFileReference; lastKnownFileType = sourcecode.swift; path = ProfileSummary.swift; sourceTree = "<group>"; };
		9FAB958E2BEB716100091AD9 /* HikeBadge.swift */ = {isa = PBXFileReference; lastKnownFileType = sourcecode.swift; path = HikeBadge.swift; sourceTree = "<group>"; };
		9FAB95902BEB7C0B00091AD9 /* ProfileEditor.swift */ = {isa = PBXFileReference; lastKnownFileType = sourcecode.swift; path = ProfileEditor.swift; sourceTree = "<group>"; };
		9FB1C3562BE8FF5E00E71B3D /* HexagonParameters.swift */ = {isa = PBXFileReference; lastKnownFileType = sourcecode.swift; path = HexagonParameters.swift; sourceTree = "<group>"; };
		9FB1C3582BE9007100E71B3D /* BadgeBackground.swift */ = {isa = PBXFileReference; lastKnownFileType = sourcecode.swift; path = BadgeBackground.swift; sourceTree = "<group>"; };
		9FB1C35A2BE906FE00E71B3D /* BadgeSymbol.swift */ = {isa = PBXFileReference; lastKnownFileType = sourcecode.swift; path = BadgeSymbol.swift; sourceTree = "<group>"; };
		9FB1C35C2BE9083700E71B3D /* RotatedBadgeSymbol.swift */ = {isa = PBXFileReference; lastKnownFileType = sourcecode.swift; path = RotatedBadgeSymbol.swift; sourceTree = "<group>"; };
		9FB1C35E2BE90D1000E71B3D /* Badge.swift */ = {isa = PBXFileReference; lastKnownFileType = sourcecode.swift; path = Badge.swift; sourceTree = "<group>"; };
		9FB1C3642BE9136800E71B3D /* landmarkData.json */ = {isa = PBXFileReference; fileEncoding = 4; lastKnownFileType = text.json; path = landmarkData.json; sourceTree = "<group>"; };
		9FB1C3662BE9137800E71B3D /* hikeData.json */ = {isa = PBXFileReference; fileEncoding = 4; lastKnownFileType = text.json; path = hikeData.json; sourceTree = "<group>"; };
		9FB1C3772BE9240D00E71B3D /* CategoryHome.swift */ = {isa = PBXFileReference; lastKnownFileType = sourcecode.swift; path = CategoryHome.swift; sourceTree = "<group>"; };
		9FC415AA2BE7A48200FD47B5 /* UserData.swift */ = {isa = PBXFileReference; lastKnownFileType = sourcecode.swift; path = UserData.swift; sourceTree = "<group>"; };
		9FC415AC2BE7BFBE00FD47B5 /* FavoriteButton.swift */ = {isa = PBXFileReference; lastKnownFileType = sourcecode.swift; path = FavoriteButton.swift; sourceTree = "<group>"; };
/* End PBXFileReference section */

/* Begin PBXFrameworksBuildPhase section */
		9F6C18D92BE4FEC700DB2A44 /* Frameworks */ = {
			isa = PBXFrameworksBuildPhase;
			buildActionMask = 2147483647;
			files = (
			);
			runOnlyForDeploymentPostprocessing = 0;
		};
/* End PBXFrameworksBuildPhase section */

/* Begin PBXGroup section */
		9F6C18D32BE4FEC700DB2A44 = {
			isa = PBXGroup;
			children = (
				9F6C18DE2BE4FEC700DB2A44 /* SwiftUI_Landmarks */,
				9F6C18DD2BE4FEC700DB2A44 /* Products */,
			);
			sourceTree = "<group>";
		};
		9F6C18DD2BE4FEC700DB2A44 /* Products */ = {
			isa = PBXGroup;
			children = (
				9F6C18DC2BE4FEC700DB2A44 /* SwiftUI_Landmarks.app */,
			);
			name = Products;
			sourceTree = "<group>";
		};
		9F6C18DE2BE4FEC700DB2A44 /* SwiftUI_Landmarks */ = {
			isa = PBXGroup;
			children = (
				9F6C18DF2BE4FEC700DB2A44 /* SwiftUI_LandmarksApp.swift */,
				9F7501382BE63285005BFA4E /* Views */,
				9F7501392BE632A1005BFA4E /* Model */,
				9F75013A2BE632AA005BFA4E /* Resources */,
				9F6C18E32BE4FECD00DB2A44 /* Assets.xcassets */,
				9F6C18E52BE4FECD00DB2A44 /* Preview Content */,
			);
			path = SwiftUI_Landmarks;
			sourceTree = "<group>";
		};
		9F6C18E52BE4FECD00DB2A44 /* Preview Content */ = {
			isa = PBXGroup;
			children = (
				9F6C18E62BE4FECD00DB2A44 /* Preview Assets.xcassets */,
			);
			path = "Preview Content";
			sourceTree = "<group>";
		};
		9F7501382BE63285005BFA4E /* Views */ = {
			isa = PBXGroup;
			children = (
				9F6C18E12BE4FEC800DB2A44 /* ContentView.swift */,
				9FAB95892BEB6BBB00091AD9 /* Profiles */,
				9F97BA972BEA235C005E4080 /* Hikes */,
				9FB1C3602BE90E9D00E71B3D /* Badges */,
				9FC415AF2BE7C1BD00FD47B5 /* Helper */,
				9FC415AE2BE7C18400FD47B5 /* Landmarks */,
				9FB1C3792BE9242C00E71B3D /* CategoryHome */,
				9FA560E72BECA84B00ECDD15 /* PageView */,
			);
			path = Views;
			sourceTree = "<group>";
		};
		9F7501392BE632A1005BFA4E /* Model */ = {
			isa = PBXGroup;
			children = (
				9F97BA982BEA23F5005E4080 /* Hike.swift */,
				9FC415AA2BE7A48200FD47B5 /* UserData.swift */,
				9F7501342BE62AEA005BFA4E /* Landmark.swift */,
				9F7501362BE62D54005BFA4E /* ModelData.swift */,
				9FAB95872BEB6AB600091AD9 /* Profile.swift */,
			);
			path = Model;
			sourceTree = "<group>";
		};
		9F75013A2BE632AA005BFA4E /* Resources */ = {
			isa = PBXGroup;
			children = (
				9FB1C3662BE9137800E71B3D /* hikeData.json */,
				9FB1C3642BE9136800E71B3D /* landmarkData.json */,
			);
			path = Resources;
			sourceTree = "<group>";
		};
		9F97BA972BEA235C005E4080 /* Hikes */ = {
			isa = PBXGroup;
			children = (
				9F97BA912BEA2357005E4080 /* GraphCapsule.swift */,
				9F97BA902BEA2356005E4080 /* HikeDetail.swift */,
				9F97BA8F2BEA2356005E4080 /* HikeGraph.swift */,
				9F97BA922BEA2357005E4080 /* HikeView.swift */,
				9FAB958E2BEB716100091AD9 /* HikeBadge.swift */,
			);
			path = Hikes;
			sourceTree = "<group>";
		};
		9FA560E72BECA84B00ECDD15 /* PageView */ = {
			isa = PBXGroup;
			children = (
				9FA560E52BECA84800ECDD15 /* PageViewController.swift */,
				9FA560E82BECB0EB00ECDD15 /* FeatureCard.swift */,
				9FA560EA2BECB48200ECDD15 /* PageView.swift */,
				9FA560EC2BECC7A300ECDD15 /* PageControl.swift */,
			);
			path = PageView;
			sourceTree = "<group>";
		};
		9FAB95892BEB6BBB00091AD9 /* Profiles */ = {
			isa = PBXGroup;
			children = (
				9FAB958A2BEB6BD900091AD9 /* ProfileHost.swift */,
				9FAB958C2BEB6EE100091AD9 /* ProfileSummary.swift */,
				9FAB95902BEB7C0B00091AD9 /* ProfileEditor.swift */,
			);
			path = Profiles;
			sourceTree = "<group>";
		};
		9FB1C3602BE90E9D00E71B3D /* Badges */ = {
			isa = PBXGroup;
			children = (
				9FB1C3582BE9007100E71B3D /* BadgeBackground.swift */,
				9FB1C35A2BE906FE00E71B3D /* BadgeSymbol.swift */,
				9FB1C35C2BE9083700E71B3D /* RotatedBadgeSymbol.swift */,
				9FB1C35E2BE90D1000E71B3D /* Badge.swift */,
				9FB1C3562BE8FF5E00E71B3D /* HexagonParameters.swift */,
			);
			path = Badges;
			sourceTree = "<group>";
		};
		9FB1C3792BE9242C00E71B3D /* CategoryHome */ = {
			isa = PBXGroup;
			children = (
				9FB1C3772BE9240D00E71B3D /* CategoryHome.swift */,
				9F97BA802BEA1A1B005E4080 /* CategoryRow.swift */,
				9F97BA822BEA1E8C005E4080 /* CategoryItem.swift */,
			);
			path = CategoryHome;
			sourceTree = "<group>";
		};
		9FC415AE2BE7C18400FD47B5 /* Landmarks */ = {
			isa = PBXGroup;
			children = (
				9F75013B2BE633B4005BFA4E /* LandmarkRow.swift */,
				9F75013D2BE6395B005BFA4E /* LandmarkList.swift */,
				9F7501412BE641ED005BFA4E /* LandmarkDetail.swift */,
			);
			path = Landmarks;
			sourceTree = "<group>";
		};
		9FC415AF2BE7C1BD00FD47B5 /* Helper */ = {
			isa = PBXGroup;
			children = (
				9F75012E2BE620E7005BFA4E /* CircleImage.swift */,
				9F7501302BE62266005BFA4E /* MapView.swift */,
				9FC415AC2BE7BFBE00FD47B5 /* FavoriteButton.swift */,
			);
			path = Helper;
			sourceTree = "<group>";
		};
/* End PBXGroup section */

/* Begin PBXNativeTarget section */
		9F6C18DB2BE4FEC700DB2A44 /* SwiftUI_Landmarks */ = {
			isa = PBXNativeTarget;
			buildConfigurationList = 9F6C18EA2BE4FECD00DB2A44 /* Build configuration list for PBXNativeTarget "SwiftUI_Landmarks" */;
			buildPhases = (
				9F6C18D82BE4FEC700DB2A44 /* Sources */,
				9F6C18D92BE4FEC700DB2A44 /* Frameworks */,
				9F6C18DA2BE4FEC700DB2A44 /* Resources */,
			);
			buildRules = (
			);
			dependencies = (
			);
			name = SwiftUI_Landmarks;
			productName = SwiftUI_Landmarks;
			productReference = 9F6C18DC2BE4FEC700DB2A44 /* SwiftUI_Landmarks.app */;
			productType = "com.apple.product-type.application";
		};
/* End PBXNativeTarget section */

/* Begin PBXProject section */
		9F6C18D42BE4FEC700DB2A44 /* Project object */ = {
			isa = PBXProject;
			attributes = {
				BuildIndependentTargetsInParallel = 1;
				LastSwiftUpdateCheck = 1430;
				LastUpgradeCheck = 1430;
				TargetAttributes = {
					9F6C18DB2BE4FEC700DB2A44 = {
						CreatedOnToolsVersion = 14.3.1;
					};
				};
			};
			buildConfigurationList = 9F6C18D72BE4FEC700DB2A44 /* Build configuration list for PBXProject "SwiftUI_Landmarks" */;
			compatibilityVersion = "Xcode 14.0";
			developmentRegion = en;
			hasScannedForEncodings = 0;
			knownRegions = (
				en,
				Base,
			);
			mainGroup = 9F6C18D32BE4FEC700DB2A44;
			productRefGroup = 9F6C18DD2BE4FEC700DB2A44 /* Products */;
			projectDirPath = "";
			projectRoot = "";
			targets = (
				9F6C18DB2BE4FEC700DB2A44 /* SwiftUI_Landmarks */,
			);
		};
/* End PBXProject section */

/* Begin PBXResourcesBuildPhase section */
		9F6C18DA2BE4FEC700DB2A44 /* Resources */ = {
			isa = PBXResourcesBuildPhase;
			buildActionMask = 2147483647;
			files = (
				9FB1C3672BE9137800E71B3D /* hikeData.json in Resources */,
				9F6C18E72BE4FECD00DB2A44 /* Preview Assets.xcassets in Resources */,
				9F6C18E42BE4FECD00DB2A44 /* Assets.xcassets in Resources */,
				9FB1C3652BE9136800E71B3D /* landmarkData.json in Resources */,
			);
			runOnlyForDeploymentPostprocessing = 0;
		};
/* End PBXResourcesBuildPhase section */

/* Begin PBXSourcesBuildPhase section */
		9F6C18D82BE4FEC700DB2A44 /* Sources */ = {
			isa = PBXSourcesBuildPhase;
			buildActionMask = 2147483647;
			files = (
				9F6C18E22BE4FEC800DB2A44 /* ContentView.swift in Sources */,
				9FA560EB2BECB48200ECDD15 /* PageView.swift in Sources */,
				9F7501312BE62266005BFA4E /* MapView.swift in Sources */,
				9F6C18E02BE4FEC700DB2A44 /* SwiftUI_LandmarksApp.swift in Sources */,
				9F97BA832BEA1E8C005E4080 /* CategoryItem.swift in Sources */,
				9F97BA992BEA23F5005E4080 /* Hike.swift in Sources */,
				9FAB958B2BEB6BD900091AD9 /* ProfileHost.swift in Sources */,
				9FAB958F2BEB716100091AD9 /* HikeBadge.swift in Sources */,
				9FA560ED2BECC7A300ECDD15 /* PageControl.swift in Sources */,
				9F75013E2BE6395B005BFA4E /* LandmarkList.swift in Sources */,
				9F7501422BE641ED005BFA4E /* LandmarkDetail.swift in Sources */,
				9F75012F2BE620E7005BFA4E /* CircleImage.swift in Sources */,
				9FA560E92BECB0EB00ECDD15 /* FeatureCard.swift in Sources */,
				9F7501352BE62AEA005BFA4E /* Landmark.swift in Sources */,
				9FB1C35B2BE906FE00E71B3D /* BadgeSymbol.swift in Sources */,
				9FAB958D2BEB6EE100091AD9 /* ProfileSummary.swift in Sources */,
				9FAB95912BEB7C0B00091AD9 /* ProfileEditor.swift in Sources */,
				9FB1C35D2BE9083700E71B3D /* RotatedBadgeSymbol.swift in Sources */,
				9FB1C35F2BE90D1000E71B3D /* Badge.swift in Sources */,
				9F75013C2BE633B4005BFA4E /* LandmarkRow.swift in Sources */,
				9F97BA942BEA2357005E4080 /* HikeDetail.swift in Sources */,
				9FB1C3592BE9007100E71B3D /* BadgeBackground.swift in Sources */,
				9F97BA962BEA2357005E4080 /* HikeView.swift in Sources */,
				9FAB95882BEB6AB600091AD9 /* Profile.swift in Sources */,
				9FA560E62BECA84800ECDD15 /* PageViewController.swift in Sources */,
				9FB1C3572BE8FF5E00E71B3D /* HexagonParameters.swift in Sources */,
				9FB1C3782BE9240D00E71B3D /* CategoryHome.swift in Sources */,
				9FC415AB2BE7A48200FD47B5 /* UserData.swift in Sources */,
				9FC415AD2BE7BFBE00FD47B5 /* FavoriteButton.swift in Sources */,
				9F97BA812BEA1A1B005E4080 /* CategoryRow.swift in Sources */,
				9F7501372BE62D54005BFA4E /* ModelData.swift in Sources */,
				9F97BA952BEA2357005E4080 /* GraphCapsule.swift in Sources */,
				9F97BA932BEA2357005E4080 /* HikeGraph.swift in Sources */,
			);
			runOnlyForDeploymentPostprocessing = 0;
		};
/* End PBXSourcesBuildPhase section */

/* Begin XCBuildConfiguration section */
		9F6C18E82BE4FECD00DB2A44 /* Debug */ = {
			isa = XCBuildConfiguration;
			buildSettings = {
				ALWAYS_SEARCH_USER_PATHS = NO;
				CLANG_ANALYZER_NONNULL = YES;
				CLANG_ANALYZER_NUMBER_OBJECT_CONVERSION = YES_AGGRESSIVE;
				CLANG_CXX_LANGUAGE_STANDARD = "gnu++20";
				CLANG_ENABLE_MODULES = YES;
				CLANG_ENABLE_OBJC_ARC = YES;
				CLANG_ENABLE_OBJC_WEAK = YES;
				CLANG_WARN_BLOCK_CAPTURE_AUTORELEASING = YES;
				CLANG_WARN_BOOL_CONVERSION = YES;
				CLANG_WARN_COMMA = YES;
				CLANG_WARN_CONSTANT_CONVERSION = YES;
				CLANG_WARN_DEPRECATED_OBJC_IMPLEMENTATIONS = YES;
				CLANG_WARN_DIRECT_OBJC_ISA_USAGE = YES_ERROR;
				CLANG_WARN_DOCUMENTATION_COMMENTS = YES;
				CLANG_WARN_EMPTY_BODY = YES;
				CLANG_WARN_ENUM_CONVERSION = YES;
				CLANG_WARN_INFINITE_RECURSION = YES;
				CLANG_WARN_INT_CONVERSION = YES;
				CLANG_WARN_NON_LITERAL_NULL_CONVERSION = YES;
				CLANG_WARN_OBJC_IMPLICIT_RETAIN_SELF = YES;
				CLANG_WARN_OBJC_LITERAL_CONVERSION = YES;
				CLANG_WARN_OBJC_ROOT_CLASS = YES_ERROR;
				CLANG_WARN_QUOTED_INCLUDE_IN_FRAMEWORK_HEADER = YES;
				CLANG_WARN_RANGE_LOOP_ANALYSIS = YES;
				CLANG_WARN_STRICT_PROTOTYPES = YES;
				CLANG_WARN_SUSPICIOUS_MOVE = YES;
				CLANG_WARN_UNGUARDED_AVAILABILITY = YES_AGGRESSIVE;
				CLANG_WARN_UNREACHABLE_CODE = YES;
				CLANG_WARN__DUPLICATE_METHOD_MATCH = YES;
				COPY_PHASE_STRIP = NO;
				DEBUG_INFORMATION_FORMAT = dwarf;
				ENABLE_STRICT_OBJC_MSGSEND = YES;
				ENABLE_TESTABILITY = YES;
				GCC_C_LANGUAGE_STANDARD = gnu11;
				GCC_DYNAMIC_NO_PIC = NO;
				GCC_NO_COMMON_BLOCKS = YES;
				GCC_OPTIMIZATION_LEVEL = 0;
				GCC_PREPROCESSOR_DEFINITIONS = (
					"DEBUG=1",
					"$(inherited)",
				);
				GCC_WARN_64_TO_32_BIT_CONVERSION = YES;
				GCC_WARN_ABOUT_RETURN_TYPE = YES_ERROR;
				GCC_WARN_UNDECLARED_SELECTOR = YES;
				GCC_WARN_UNINITIALIZED_AUTOS = YES_AGGRESSIVE;
				GCC_WARN_UNUSED_FUNCTION = YES;
				GCC_WARN_UNUSED_VARIABLE = YES;
				IPHONEOS_DEPLOYMENT_TARGET = 16.4;
				MTL_ENABLE_DEBUG_INFO = INCLUDE_SOURCE;
				MTL_FAST_MATH = YES;
				ONLY_ACTIVE_ARCH = YES;
				SDKROOT = iphoneos;
				SWIFT_ACTIVE_COMPILATION_CONDITIONS = DEBUG;
				SWIFT_OPTIMIZATION_LEVEL = "-Onone";
			};
			name = Debug;
		};
		9F6C18E92BE4FECD00DB2A44 /* Release */ = {
			isa = XCBuildConfiguration;
			buildSettings = {
				ALWAYS_SEARCH_USER_PATHS = NO;
				CLANG_ANALYZER_NONNULL = YES;
				CLANG_ANALYZER_NUMBER_OBJECT_CONVERSION = YES_AGGRESSIVE;
				CLANG_CXX_LANGUAGE_STANDARD = "gnu++20";
				CLANG_ENABLE_MODULES = YES;
				CLANG_ENABLE_OBJC_ARC = YES;
				CLANG_ENABLE_OBJC_WEAK = YES;
				CLANG_WARN_BLOCK_CAPTURE_AUTORELEASING = YES;
				CLANG_WARN_BOOL_CONVERSION = YES;
				CLANG_WARN_COMMA = YES;
				CLANG_WARN_CONSTANT_CONVERSION = YES;
				CLANG_WARN_DEPRECATED_OBJC_IMPLEMENTATIONS = YES;
				CLANG_WARN_DIRECT_OBJC_ISA_USAGE = YES_ERROR;
				CLANG_WARN_DOCUMENTATION_COMMENTS = YES;
				CLANG_WARN_EMPTY_BODY = YES;
				CLANG_WARN_ENUM_CONVERSION = YES;
				CLANG_WARN_INFINITE_RECURSION = YES;
				CLANG_WARN_INT_CONVERSION = YES;
				CLANG_WARN_NON_LITERAL_NULL_CONVERSION = YES;
				CLANG_WARN_OBJC_IMPLICIT_RETAIN_SELF = YES;
				CLANG_WARN_OBJC_LITERAL_CONVERSION = YES;
				CLANG_WARN_OBJC_ROOT_CLASS = YES_ERROR;
				CLANG_WARN_QUOTED_INCLUDE_IN_FRAMEWORK_HEADER = YES;
				CLANG_WARN_RANGE_LOOP_ANALYSIS = YES;
				CLANG_WARN_STRICT_PROTOTYPES = YES;
				CLANG_WARN_SUSPICIOUS_MOVE = YES;
				CLANG_WARN_UNGUARDED_AVAILABILITY = YES_AGGRESSIVE;
				CLANG_WARN_UNREACHABLE_CODE = YES;
				CLANG_WARN__DUPLICATE_METHOD_MATCH = YES;
				COPY_PHASE_STRIP = NO;
				DEBUG_INFORMATION_FORMAT = "dwarf-with-dsym";
				ENABLE_NS_ASSERTIONS = NO;
				ENABLE_STRICT_OBJC_MSGSEND = YES;
				GCC_C_LANGUAGE_STANDARD = gnu11;
				GCC_NO_COMMON_BLOCKS = YES;
				GCC_WARN_64_TO_32_BIT_CONVERSION = YES;
				GCC_WARN_ABOUT_RETURN_TYPE = YES_ERROR;
				GCC_WARN_UNDECLARED_SELECTOR = YES;
				GCC_WARN_UNINITIALIZED_AUTOS = YES_AGGRESSIVE;
				GCC_WARN_UNUSED_FUNCTION = YES;
				GCC_WARN_UNUSED_VARIABLE = YES;
				IPHONEOS_DEPLOYMENT_TARGET = 16.4;
				MTL_ENABLE_DEBUG_INFO = NO;
				MTL_FAST_MATH = YES;
				SDKROOT = iphoneos;
				SWIFT_COMPILATION_MODE = wholemodule;
				SWIFT_OPTIMIZATION_LEVEL = "-O";
				VALIDATE_PRODUCT = YES;
			};
			name = Release;
		};
		9F6C18EB2BE4FECD00DB2A44 /* Debug */ = {
			isa = XCBuildConfiguration;
			buildSettings = {
				ASSETCATALOG_COMPILER_APPICON_NAME = AppIcon;
				ASSETCATALOG_COMPILER_GLOBAL_ACCENT_COLOR_NAME = AccentColor;
				CODE_SIGN_STYLE = Automatic;
				CURRENT_PROJECT_VERSION = 1;
				DEVELOPMENT_ASSET_PATHS = "\"SwiftUI_Landmarks/Preview Content\"";
				ENABLE_PREVIEWS = YES;
				GENERATE_INFOPLIST_FILE = YES;
				INFOPLIST_KEY_UIApplicationSceneManifest_Generation = YES;
				INFOPLIST_KEY_UIApplicationSupportsIndirectInputEvents = YES;
				INFOPLIST_KEY_UILaunchScreen_Generation = YES;
				INFOPLIST_KEY_UISupportedInterfaceOrientations_iPad = "UIInterfaceOrientationPortrait UIInterfaceOrientationPortraitUpsideDown UIInterfaceOrientationLandscapeLeft UIInterfaceOrientationLandscapeRight";
				INFOPLIST_KEY_UISupportedInterfaceOrientations_iPhone = "UIInterfaceOrientationPortrait UIInterfaceOrientationLandscapeLeft UIInterfaceOrientationLandscapeRight";
				LD_RUNPATH_SEARCH_PATHS = (
					"$(inherited)",
					"@executable_path/Frameworks",
				);
				MARKETING_VERSION = 4.1;
				PRODUCT_BUNDLE_IDENTIFIER = "CHENGWU-LI.SwiftUI-Landmarks";
				PRODUCT_NAME = "$(TARGET_NAME)";
				SWIFT_EMIT_LOC_STRINGS = YES;
				SWIFT_VERSION = 5.0;
				TARGETED_DEVICE_FAMILY = "1,2";
			};
			name = Debug;
		};
		9F6C18EC2BE4FECD00DB2A44 /* Release */ = {
			isa = XCBuildConfiguration;
			buildSettings = {
				ASSETCATALOG_COMPILER_APPICON_NAME = AppIcon;
				ASSETCATALOG_COMPILER_GLOBAL_ACCENT_COLOR_NAME = AccentColor;
				CODE_SIGN_STYLE = Automatic;
				CURRENT_PROJECT_VERSION = 1;
				DEVELOPMENT_ASSET_PATHS = "\"SwiftUI_Landmarks/Preview Content\"";
				ENABLE_PREVIEWS = YES;
				GENERATE_INFOPLIST_FILE = YES;
				INFOPLIST_KEY_UIApplicationSceneManifest_Generation = YES;
				INFOPLIST_KEY_UIApplicationSupportsIndirectInputEvents = YES;
				INFOPLIST_KEY_UILaunchScreen_Generation = YES;
				INFOPLIST_KEY_UISupportedInterfaceOrientations_iPad = "UIInterfaceOrientationPortrait UIInterfaceOrientationPortraitUpsideDown UIInterfaceOrientationLandscapeLeft UIInterfaceOrientationLandscapeRight";
				INFOPLIST_KEY_UISupportedInterfaceOrientations_iPhone = "UIInterfaceOrientationPortrait UIInterfaceOrientationLandscapeLeft UIInterfaceOrientationLandscapeRight";
				LD_RUNPATH_SEARCH_PATHS = (
					"$(inherited)",
					"@executable_path/Frameworks",
				);
				MARKETING_VERSION = 4.1;
				PRODUCT_BUNDLE_IDENTIFIER = "CHENGWU-LI.SwiftUI-Landmarks";
				PRODUCT_NAME = "$(TARGET_NAME)";
				SWIFT_EMIT_LOC_STRINGS = YES;
				SWIFT_VERSION = 5.0;
				TARGETED_DEVICE_FAMILY = "1,2";
			};
			name = Release;
		};
/* End XCBuildConfiguration section */

/* Begin XCConfigurationList section */
		9F6C18D72BE4FEC700DB2A44 /* Build configuration list for PBXProject "SwiftUI_Landmarks" */ = {
			isa = XCConfigurationList;
			buildConfigurations = (
				9F6C18E82BE4FECD00DB2A44 /* Debug */,
				9F6C18E92BE4FECD00DB2A44 /* Release */,
			);
			defaultConfigurationIsVisible = 0;
			defaultConfigurationName = Release;
		};
		9F6C18EA2BE4FECD00DB2A44 /* Build configuration list for PBXNativeTarget "SwiftUI_Landmarks" */ = {
			isa = XCConfigurationList;
			buildConfigurations = (
				9F6C18EB2BE4FECD00DB2A44 /* Debug */,
				9F6C18EC2BE4FECD00DB2A44 /* Release */,
			);
			defaultConfigurationIsVisible = 0;
			defaultConfigurationName = Release;
		};
/* End XCConfigurationList section */
	};
	rootObject = 9F6C18D42BE4FEC700DB2A44 /* Project object */;
}
